// !$*UTF8*$!
{
	archiveVersion = 1;
	classes = {
	};
	objectVersion = 50;
	objects = {

/* Begin PBXBuildFile section */
		2184E9882211D4EF00B756D5 /* DetailViewController.swift in Sources */ = {isa = PBXBuildFile; fileRef = 2184E9872211D4EF00B756D5 /* DetailViewController.swift */; };
		21F7C9F32210A12F00B57656 /* AppDelegate.swift in Sources */ = {isa = PBXBuildFile; fileRef = 21F7C9F22210A12F00B57656 /* AppDelegate.swift */; };
		21F7C9F52210A12F00B57656 /* ViewController.swift in Sources */ = {isa = PBXBuildFile; fileRef = 21F7C9F42210A12F00B57656 /* ViewController.swift */; };
		21F7C9F82210A12F00B57656 /* Main.storyboard in Resources */ = {isa = PBXBuildFile; fileRef = 21F7C9F62210A12F00B57656 /* Main.storyboard */; };
		21F7C9FA2210A13200B57656 /* Assets.xcassets in Resources */ = {isa = PBXBuildFile; fileRef = 21F7C9F92210A13200B57656 /* Assets.xcassets */; };
		21F7C9FD2210A13200B57656 /* LaunchScreen.storyboard in Resources */ = {isa = PBXBuildFile; fileRef = 21F7C9FB2210A13200B57656 /* LaunchScreen.storyboard */; };
		21F7CA082210A13200B57656 /* to_do_listTests.swift in Sources */ = {isa = PBXBuildFile; fileRef = 21F7CA072210A13200B57656 /* to_do_listTests.swift */; };
		21F7CA132210A13200B57656 /* to_do_listUITests.swift in Sources */ = {isa = PBXBuildFile; fileRef = 21F7CA122210A13200B57656 /* to_do_listUITests.swift */; };
/* End PBXBuildFile section */

/* Begin PBXContainerItemProxy section */
		21F7CA042210A13200B57656 /* PBXContainerItemProxy */ = {
			isa = PBXContainerItemProxy;
			containerPortal = 21F7C9E72210A12F00B57656 /* Project object */;
			proxyType = 1;
			remoteGlobalIDString = 21F7C9EE2210A12F00B57656;
			remoteInfo = "to do list";
		};
		21F7CA0F2210A13200B57656 /* PBXContainerItemProxy */ = {
			isa = PBXContainerItemProxy;
			containerPortal = 21F7C9E72210A12F00B57656 /* Project object */;
			proxyType = 1;
			remoteGlobalIDString = 21F7C9EE2210A12F00B57656;
			remoteInfo = "to do list";
		};
/* End PBXContainerItemProxy section */

/* Begin PBXFileReference section */
		2184E9872211D4EF00B756D5 /* DetailViewController.swift */ = {isa = PBXFileReference; lastKnownFileType = sourcecode.swift; path = DetailViewController.swift; sourceTree = "<group>"; };
		21F7C9EF2210A12F00B57656 /* to do list.app */ = {isa = PBXFileReference; explicitFileType = wrapper.application; includeInIndex = 0; path = "to do list.app"; sourceTree = BUILT_PRODUCTS_DIR; };
		21F7C9F22210A12F00B57656 /* AppDelegate.swift */ = {isa = PBXFileReference; lastKnownFileType = sourcecode.swift; path = AppDelegate.swift; sourceTree = "<group>"; };
		21F7C9F42210A12F00B57656 /* ViewController.swift */ = {isa = PBXFileReference; lastKnownFileType = sourcecode.swift; path = ViewController.swift; sourceTree = "<group>"; };
		21F7C9F72210A12F00B57656 /* Base */ = {isa = PBXFileReference; lastKnownFileType = file.storyboard; name = Base; path = Base.lproj/Main.storyboard; sourceTree = "<group>"; };
		21F7C9F92210A13200B57656 /* Assets.xcassets */ = {isa = PBXFileReference; lastKnownFileType = folder.assetcatalog; path = Assets.xcassets; sourceTree = "<group>"; };
		21F7C9FC2210A13200B57656 /* Base */ = {isa = PBXFileReference; lastKnownFileType = file.storyboard; name = Base; path = Base.lproj/LaunchScreen.storyboard; sourceTree = "<group>"; };
		21F7C9FE2210A13200B57656 /* Info.plist */ = {isa = PBXFileReference; lastKnownFileType = text.plist.xml; path = Info.plist; sourceTree = "<group>"; };
		21F7CA032210A13200B57656 /* to do listTests.xctest */ = {isa = PBXFileReference; explicitFileType = wrapper.cfbundle; includeInIndex = 0; path = "to do listTests.xctest"; sourceTree = BUILT_PRODUCTS_DIR; };
		21F7CA072210A13200B57656 /* to_do_listTests.swift */ = {isa = PBXFileReference; lastKnownFileType = sourcecode.swift; path = to_do_listTests.swift; sourceTree = "<group>"; };
		21F7CA092210A13200B57656 /* Info.plist */ = {isa = PBXFileReference; lastKnownFileType = text.plist.xml; path = Info.plist; sourceTree = "<group>"; };
		21F7CA0E2210A13200B57656 /* to do listUITests.xctest */ = {isa = PBXFileReference; explicitFileType = wrapper.cfbundle; includeInIndex = 0; path = "to do listUITests.xctest"; sourceTree = BUILT_PRODUCTS_DIR; };
		21F7CA122210A13200B57656 /* to_do_listUITests.swift */ = {isa = PBXFileReference; lastKnownFileType = sourcecode.swift; path = to_do_listUITests.swift; sourceTree = "<group>"; };
		21F7CA142210A13200B57656 /* Info.plist */ = {isa = PBXFileReference; lastKnownFileType = text.plist.xml; path = Info.plist; sourceTree = "<group>"; };
/* End PBXFileReference section */

/* Begin PBXFrameworksBuildPhase section */
		21F7C9EC2210A12F00B57656 /* Frameworks */ = {
			isa = PBXFrameworksBuildPhase;
			buildActionMask = 2147483647;
			files = (
			);
			runOnlyForDeploymentPostprocessing = 0;
		};
		21F7CA002210A13200B57656 /* Frameworks */ = {
			isa = PBXFrameworksBuildPhase;
			buildActionMask = 2147483647;
			files = (
			);
			runOnlyForDeploymentPostprocessing = 0;
		};
		21F7CA0B2210A13200B57656 /* Frameworks */ = {
			isa = PBXFrameworksBuildPhase;
			buildActionMask = 2147483647;
			files = (
			);
			runOnlyForDeploymentPostprocessing = 0;
		};
/* End PBXFrameworksBuildPhase section */

/* Begin PBXGroup section */
		21F7C9E62210A12F00B57656 = {
			isa = PBXGroup;
			children = (
				21F7C9F12210A12F00B57656 /* to do list */,
				21F7CA062210A13200B57656 /* to do listTests */,
				21F7CA112210A13200B57656 /* to do listUITests */,
				21F7C9F02210A12F00B57656 /* Products */,
			);
			sourceTree = "<group>";
		};
		21F7C9F02210A12F00B57656 /* Products */ = {
			isa = PBXGroup;
			children = (
				21F7C9EF2210A12F00B57656 /* to do list.app */,
				21F7CA032210A13200B57656 /* to do listTests.xctest */,
				21F7CA0E2210A13200B57656 /* to do listUITests.xctest */,
			);
			name = Products;
			sourceTree = "<group>";
		};
		21F7C9F12210A12F00B57656 /* to do list */ = {
			isa = PBXGroup;
			children = (
				21F7C9F22210A12F00B57656 /* AppDelegate.swift */,
				21F7C9F42210A12F00B57656 /* ViewController.swift */,
				2184E9872211D4EF00B756D5 /* DetailViewController.swift */,
				21F7C9F62210A12F00B57656 /* Main.storyboard */,
				21F7C9F92210A13200B57656 /* Assets.xcassets */,
				21F7C9FB2210A13200B57656 /* LaunchScreen.storyboard */,
				21F7C9FE2210A13200B57656 /* Info.plist */,
			);
			path = "to do list";
			sourceTree = "<group>";
		};
		21F7CA062210A13200B57656 /* to do listTests */ = {
			isa = PBXGroup;
			children = (
				21F7CA072210A13200B57656 /* to_do_listTests.swift */,
				21F7CA092210A13200B57656 /* Info.plist */,
			);
			path = "to do listTests";
			sourceTree = "<group>";
		};
		21F7CA112210A13200B57656 /* to do listUITests */ = {
			isa = PBXGroup;
			children = (
				21F7CA122210A13200B57656 /* to_do_listUITests.swift */,
				21F7CA142210A13200B57656 /* Info.plist */,
			);
			path = "to do listUITests";
			sourceTree = "<group>";
		};
/* End PBXGroup section */

/* Begin PBXNativeTarget section */
		21F7C9EE2210A12F00B57656 /* to do list */ = {
			isa = PBXNativeTarget;
			buildConfigurationList = 21F7CA172210A13200B57656 /* Build configuration list for PBXNativeTarget "to do list" */;
			buildPhases = (
				21F7C9EB2210A12F00B57656 /* Sources */,
				21F7C9EC2210A12F00B57656 /* Frameworks */,
				21F7C9ED2210A12F00B57656 /* Resources */,
			);
			buildRules = (
			);
			dependencies = (
			);
			name = "to do list";
			productName = "to do list";
			productReference = 21F7C9EF2210A12F00B57656 /* to do list.app */;
			productType = "com.apple.product-type.application";
		};
		21F7CA022210A13200B57656 /* to do listTests */ = {
			isa = PBXNativeTarget;
			buildConfigurationList = 21F7CA1A2210A13200B57656 /* Build configuration list for PBXNativeTarget "to do listTests" */;
			buildPhases = (
				21F7C9FF2210A13200B57656 /* Sources */,
				21F7CA002210A13200B57656 /* Frameworks */,
				21F7CA012210A13200B57656 /* Resources */,
			);
			buildRules = (
			);
			dependencies = (
				21F7CA052210A13200B57656 /* PBXTargetDependency */,
			);
			name = "to do listTests";
			productName = "to do listTests";
			productReference = 21F7CA032210A13200B57656 /* to do listTests.xctest */;
			productType = "com.apple.product-type.bundle.unit-test";
		};
		21F7CA0D2210A13200B57656 /* to do listUITests */ = {
			isa = PBXNativeTarget;
			buildConfigurationList = 21F7CA1D2210A13200B57656 /* Build configuration list for PBXNativeTarget "to do listUITests" */;
			buildPhases = (
				21F7CA0A2210A13200B57656 /* Sources */,
				21F7CA0B2210A13200B57656 /* Frameworks */,
				21F7CA0C2210A13200B57656 /* Resources */,
			);
			buildRules = (
			);
			dependencies = (
				21F7CA102210A13200B57656 /* PBXTargetDependency */,
			);
			name = "to do listUITests";
			productName = "to do listUITests";
			productReference = 21F7CA0E2210A13200B57656 /* to do listUITests.xctest */;
			productType = "com.apple.product-type.bundle.ui-testing";
		};
/* End PBXNativeTarget section */

/* Begin PBXProject section */
		21F7C9E72210A12F00B57656 /* Project object */ = {
			isa = PBXProject;
			attributes = {
				LastSwiftUpdateCheck = 1010;
				LastUpgradeCheck = 1010;
				ORGANIZATIONNAME = "t. kyle burns";
				TargetAttributes = {
					21F7C9EE2210A12F00B57656 = {
						CreatedOnToolsVersion = 10.1;
					};
					21F7CA022210A13200B57656 = {
						CreatedOnToolsVersion = 10.1;
						TestTargetID = 21F7C9EE2210A12F00B57656;
					};
					21F7CA0D2210A13200B57656 = {
						CreatedOnToolsVersion = 10.1;
						TestTargetID = 21F7C9EE2210A12F00B57656;
					};
				};
			};
			buildConfigurationList = 21F7C9EA2210A12F00B57656 /* Build configuration list for PBXProject "to do list" */;
			compatibilityVersion = "Xcode 9.3";
			developmentRegion = en;
			hasScannedForEncodings = 0;
			knownRegions = (
				en,
				Base,
			);
			mainGroup = 21F7C9E62210A12F00B57656;
			productRefGroup = 21F7C9F02210A12F00B57656 /* Products */;
			projectDirPath = "";
			projectRoot = "";
			targets = (
				21F7C9EE2210A12F00B57656 /* to do list */,
				21F7CA022210A13200B57656 /* to do listTests */,
				21F7CA0D2210A13200B57656 /* to do listUITests */,
			);
		};
/* End PBXProject section */

/* Begin PBXResourcesBuildPhase section */
		21F7C9ED2210A12F00B57656 /* Resources */ = {
			isa = PBXResourcesBuildPhase;
			buildActionMask = 2147483647;
			files = (
				21F7C9FD2210A13200B57656 /* LaunchScreen.storyboard in Resources */,
				21F7C9FA2210A13200B57656 /* Assets.xcassets in Resources */,
				21F7C9F82210A12F00B57656 /* Main.storyboard in Resources */,
			);
			runOnlyForDeploymentPostprocessing = 0;
		};
		21F7CA012210A13200B57656 /* Resources */ = {
			isa = PBXResourcesBuildPhase;
			buildActionMask = 2147483647;
			files = (
			);
			runOnlyForDeploymentPostprocessing = 0;
		};
		21F7CA0C2210A13200B57656 /* Resources */ = {
			isa = PBXResourcesBuildPhase;
			buildActionMask = 2147483647;
			files = (
			);
			runOnlyForDeploymentPostprocessing = 0;
		};
/* End PBXResourcesBuildPhase section */

/* Begin PBXSourcesBuildPhase section */
		21F7C9EB2210A12F00B57656 /* Sources */ = {
			isa = PBXSourcesBuildPhase;
			buildActionMask = 2147483647;
			files = (
				2184E9882211D4EF00B756D5 /* DetailViewController.swift in Sources */,
				21F7C9F52210A12F00B57656 /* ViewController.swift in Sources */,
				21F7C9F32210A12F00B57656 /* AppDelegate.swift in Sources */,
			);
			runOnlyForDeploymentPostprocessing = 0;
		};
		21F7C9FF2210A13200B57656 /* Sources */ = {
			isa = PBXSourcesBuildPhase;
			buildActionMask = 2147483647;
			files = (
				21F7CA082210A13200B57656 /* to_do_listTests.swift in Sources */,
			);
			runOnlyForDeploymentPostprocessing = 0;
		};
		21F7CA0A2210A13200B57656 /* Sources */ = {
			isa = PBXSourcesBuildPhase;
			buildActionMask = 2147483647;
			files = (
				21F7CA132210A13200B57656 /* to_do_listUITests.swift in Sources */,
			);
			runOnlyForDeploymentPostprocessing = 0;
		};
/* End PBXSourcesBuildPhase section */

/* Begin PBXTargetDependency section */
		21F7CA052210A13200B57656 /* PBXTargetDependency */ = {
			isa = PBXTargetDependency;
			target = 21F7C9EE2210A12F00B57656 /* to do list */;
			targetProxy = 21F7CA042210A13200B57656 /* PBXContainerItemProxy */;
		};
		21F7CA102210A13200B57656 /* PBXTargetDependency */ = {
			isa = PBXTargetDependency;
			target = 21F7C9EE2210A12F00B57656 /* to do list */;
			targetProxy = 21F7CA0F2210A13200B57656 /* PBXContainerItemProxy */;
		};
/* End PBXTargetDependency section */

/* Begin PBXVariantGroup section */
		21F7C9F62210A12F00B57656 /* Main.storyboard */ = {
			isa = PBXVariantGroup;
			children = (
				21F7C9F72210A12F00B57656 /* Base */,
			);
			name = Main.storyboard;
			sourceTree = "<group>";
		};
		21F7C9FB2210A13200B57656 /* LaunchScreen.storyboard */ = {
			isa = PBXVariantGroup;
			children = (
				21F7C9FC2210A13200B57656 /* Base */,
			);
			name = LaunchScreen.storyboard;
			sourceTree = "<group>";
		};
/* End PBXVariantGroup section */

/* Begin XCBuildConfiguration section */
		21F7CA152210A13200B57656 /* Debug */ = {
			isa = XCBuildConfiguration;
			buildSettings = {
				ALWAYS_SEARCH_USER_PATHS = NO;
				CLANG_ANALYZER_NONNULL = YES;
				CLANG_ANALYZER_NUMBER_OBJECT_CONVERSION = YES_AGGRESSIVE;
				CLANG_CXX_LANGUAGE_STANDARD = "gnu++14";
				CLANG_CXX_LIBRARY = "libc++";
				CLANG_ENABLE_MODULES = YES;
				CLANG_ENABLE_OBJC_ARC = YES;
				CLANG_ENABLE_OBJC_WEAK = YES;
				CLANG_WARN_BLOCK_CAPTURE_AUTORELEASING = YES;
				CLANG_WARN_BOOL_CONVERSION = YES;
				CLANG_WARN_COMMA = YES;
				CLANG_WARN_CONSTANT_CONVERSION = YES;
				CLANG_WARN_DEPRECATED_OBJC_IMPLEMENTATIONS = YES;
				CLANG_WARN_DIRECT_OBJC_ISA_USAGE = YES_ERROR;
				CLANG_WARN_DOCUMENTATION_COMMENTS = YES;
				CLANG_WARN_EMPTY_BODY = YES;
				CLANG_WARN_ENUM_CONVERSION = YES;
				CLANG_WARN_INFINITE_RECURSION = YES;
				CLANG_WARN_INT_CONVERSION = YES;
				CLANG_WARN_NON_LITERAL_NULL_CONVERSION = YES;
				CLANG_WARN_OBJC_IMPLICIT_RETAIN_SELF = YES;
				CLANG_WARN_OBJC_LITERAL_CONVERSION = YES;
				CLANG_WARN_OBJC_ROOT_CLASS = YES_ERROR;
				CLANG_WARN_RANGE_LOOP_ANALYSIS = YES;
				CLANG_WARN_STRICT_PROTOTYPES = YES;
				CLANG_WARN_SUSPICIOUS_MOVE = YES;
				CLANG_WARN_UNGUARDED_AVAILABILITY = YES_AGGRESSIVE;
				CLANG_WARN_UNREACHABLE_CODE = YES;
				CLANG_WARN__DUPLICATE_METHOD_MATCH = YES;
				CODE_SIGN_IDENTITY = "iPhone Developer";
				COPY_PHASE_STRIP = NO;
				DEBUG_INFORMATION_FORMAT = dwarf;
				ENABLE_STRICT_OBJC_MSGSEND = YES;
				ENABLE_TESTABILITY = YES;
				GCC_C_LANGUAGE_STANDARD = gnu11;
				GCC_DYNAMIC_NO_PIC = NO;
				GCC_NO_COMMON_BLOCKS = YES;
				GCC_OPTIMIZATION_LEVEL = 0;
				GCC_PREPROCESSOR_DEFINITIONS = (
					"DEBUG=1",
					"$(inherited)",
				);
				GCC_WARN_64_TO_32_BIT_CONVERSION = YES;
				GCC_WARN_ABOUT_RETURN_TYPE = YES_ERROR;
				GCC_WARN_UNDECLARED_SELECTOR = YES;
				GCC_WARN_UNINITIALIZED_AUTOS = YES_AGGRESSIVE;
				GCC_WARN_UNUSED_FUNCTION = YES;
				GCC_WARN_UNUSED_VARIABLE = YES;
				IPHONEOS_DEPLOYMENT_TARGET = 12.1;
				MTL_ENABLE_DEBUG_INFO = INCLUDE_SOURCE;
				MTL_FAST_MATH = YES;
				ONLY_ACTIVE_ARCH = YES;
				SDKROOT = iphoneos;
				SWIFT_ACTIVE_COMPILATION_CONDITIONS = DEBUG;
				SWIFT_OPTIMIZATION_LEVEL = "-Onone";
			};
			name = Debug;
		};
		21F7CA162210A13200B57656 /* Release */ = {
			isa = XCBuildConfiguration;
			buildSettings = {
				ALWAYS_SEARCH_USER_PATHS = NO;
				CLANG_ANALYZER_NONNULL = YES;
				CLANG_ANALYZER_NUMBER_OBJECT_CONVERSION = YES_AGGRESSIVE;
				CLANG_CXX_LANGUAGE_STANDARD = "gnu++14";
				CLANG_CXX_LIBRARY = "libc++";
				CLANG_ENABLE_MODULES = YES;
				CLANG_ENABLE_OBJC_ARC = YES;
				CLANG_ENABLE_OBJC_WEAK = YES;
				CLANG_WARN_BLOCK_CAPTURE_AUTORELEASING = YES;
				CLANG_WARN_BOOL_CONVERSION = YES;
				CLANG_WARN_COMMA = YES;
				CLANG_WARN_CONSTANT_CONVERSION = YES;
				CLANG_WARN_DEPRECATED_OBJC_IMPLEMENTATIONS = YES;
				CLANG_WARN_DIRECT_OBJC_ISA_USAGE = YES_ERROR;
				CLANG_WARN_DOCUMENTATION_COMMENTS = YES;
				CLANG_WARN_EMPTY_BODY = YES;
				CLANG_WARN_ENUM_CONVERSION = YES;
				CLANG_WARN_INFINITE_RECURSION = YES;
				CLANG_WARN_INT_CONVERSION = YES;
				CLANG_WARN_NON_LITERAL_NULL_CONVERSION = YES;
				CLANG_WARN_OBJC_IMPLICIT_RETAIN_SELF = YES;
				CLANG_WARN_OBJC_LITERAL_CONVERSION = YES;
				CLANG_WARN_OBJC_ROOT_CLASS = YES_ERROR;
				CLANG_WARN_RANGE_LOOP_ANALYSIS = YES;
				CLANG_WARN_STRICT_PROTOTYPES = YES;
				CLANG_WARN_SUSPICIOUS_MOVE = YES;
				CLANG_WARN_UNGUARDED_AVAILABILITY = YES_AGGRESSIVE;
				CLANG_WARN_UNREACHABLE_CODE = YES;
				CLANG_WARN__DUPLICATE_METHOD_MATCH = YES;
				CODE_SIGN_IDENTITY = "iPhone Developer";
				COPY_PHASE_STRIP = NO;
				DEBUG_INFORMATION_FORMAT = "dwarf-with-dsym";
				ENABLE_NS_ASSERTIONS = NO;
				ENABLE_STRICT_OBJC_MSGSEND = YES;
				GCC_C_LANGUAGE_STANDARD = gnu11;
				GCC_NO_COMMON_BLOCKS = YES;
				GCC_WARN_64_TO_32_BIT_CONVERSION = YES;
				GCC_WARN_ABOUT_RETURN_TYPE = YES_ERROR;
				GCC_WARN_UNDECLARED_SELECTOR = YES;
				GCC_WARN_UNINITIALIZED_AUTOS = YES_AGGRESSIVE;
				GCC_WARN_UNUSED_FUNCTION = YES;
				GCC_WARN_UNUSED_VARIABLE = YES;
				IPHONEOS_DEPLOYMENT_TARGET = 12.1;
				MTL_ENABLE_DEBUG_INFO = NO;
				MTL_FAST_MATH = YES;
				SDKROOT = iphoneos;
				SWIFT_COMPILATION_MODE = wholemodule;
				SWIFT_OPTIMIZATION_LEVEL = "-O";
				VALIDATE_PRODUCT = YES;
			};
			name = Release;
		};
		21F7CA182210A13200B57656 /* Debug */ = {
			isa = XCBuildConfiguration;
			buildSettings = {
				ASSETCATALOG_COMPILER_APPICON_NAME = AppIcon;
				CODE_SIGN_STYLE = Automatic;
				DEVELOPMENT_TEAM = GNG43V8RR9;
				INFOPLIST_FILE = "to do list/Info.plist";
				LD_RUNPATH_SEARCH_PATHS = (
					"$(inherited)",
					"@executable_path/Frameworks",
				);
				PRODUCT_BUNDLE_IDENTIFIER = "burns.to-do-list";
				PRODUCT_NAME = "$(TARGET_NAME)";
				SWIFT_VERSION = 4.2;
				TARGETED_DEVICE_FAMILY = "1,2";
			};
			name = Debug;
		};
		21F7CA192210A13200B57656 /* Release */ = {
			isa = XCBuildConfiguration;
			buildSettings = {
				ASSETCATALOG_COMPILER_APPICON_NAME = AppIcon;
				CODE_SIGN_STYLE = Automatic;
				DEVELOPMENT_TEAM = GNG43V8RR9;
				INFOPLIST_FILE = "to do list/Info.plist";
				LD_RUNPATH_SEARCH_PATHS = (
					"$(inherited)",
					"@executable_path/Frameworks",
				);
				PRODUCT_BUNDLE_IDENTIFIER = "burns.to-do-list";
				PRODUCT_NAME = "$(TARGET_NAME)";
				SWIFT_VERSION = 4.2;
				TARGETED_DEVICE_FAMILY = "1,2";
			};
			name = Release;
		};
		21F7CA1B2210A13200B57656 /* Debug */ = {
			isa = XCBuildConfiguration;
			buildSettings = {
				ALWAYS_EMBED_SWIFT_STANDARD_LIBRARIES = YES;
				BUNDLE_LOADER = "$(TEST_HOST)";
				CODE_SIGN_STYLE = Automatic;
				DEVELOPMENT_TEAM = GNG43V8RR9;
				INFOPLIST_FILE = "to do listTests/Info.plist";
				LD_RUNPATH_SEARCH_PATHS = (
					"$(inherited)",
					"@executable_path/Frameworks",
					"@loader_path/Frameworks",
				);
				PRODUCT_BUNDLE_IDENTIFIER = "burns.to-do-listTests";
				PRODUCT_NAME = "$(TARGET_NAME)";
				SWIFT_VERSION = 4.2;
				TARGETED_DEVICE_FAMILY = "1,2";
				TEST_HOST = "$(BUILT_PRODUCTS_DIR)/to do list.app/to do list";
			};
			name = Debug;
		};
		21F7CA1C2210A13200B57656 /* Release */ = {
			isa = XCBuildConfiguration;
			buildSettings = {
				ALWAYS_EMBED_SWIFT_STANDARD_LIBRARIES = YES;
				BUNDLE_LOADER = "$(TEST_HOST)";
				CODE_SIGN_STYLE = Automatic;
				DEVELOPMENT_TEAM = GNG43V8RR9;
				INFOPLIST_FILE = "to do listTests/Info.plist";
				LD_RUNPATH_SEARCH_PATHS = (
					"$(inherited)",
					"@executable_path/Frameworks",
					"@loader_path/Frameworks",
				);
				PRODUCT_BUNDLE_IDENTIFIER = "burns.to-do-listTests";
				PRODUCT_NAME = "$(TARGET_NAME)";
				SWIFT_VERSION = 4.2;
				TARGETED_DEVICE_FAMILY = "1,2";
				TEST_HOST = "$(BUILT_PRODUCTS_DIR)/to do list.app/to do list";
			};
			name = Release;
		};
		21F7CA1E2210A13200B57656 /* Debug */ = {
			isa = XCBuildConfiguration;
			buildSettings = {
				ALWAYS_EMBED_SWIFT_STANDARD_LIBRARIES = YES;
				CODE_SIGN_STYLE = Automatic;
				DEVELOPMENT_TEAM = GNG43V8RR9;
				INFOPLIST_FILE = "to do listUITests/Info.plist";
				LD_RUNPATH_SEARCH_PATHS = (
					"$(inherited)",
					"@executable_path/Frameworks",
					"@loader_path/Frameworks",
				);
				PRODUCT_BUNDLE_IDENTIFIER = "burns.to-do-listUITests";
				PRODUCT_NAME = "$(TARGET_NAME)";
				SWIFT_VERSION = 4.2;
				TARGETED_DEVICE_FAMILY = "1,2";
				TEST_TARGET_NAME = "to do list";
			};
			name = Debug;
		};
		21F7CA1F2210A13200B57656 /* Release */ = {
			isa = XCBuildConfiguration;
			buildSettings = {
				ALWAYS_EMBED_SWIFT_STANDARD_LIBRARIES = YES;
				CODE_SIGN_STYLE = Automatic;
				DEVELOPMENT_TEAM = GNG43V8RR9;
				INFOPLIST_FILE = "to do listUITests/Info.plist";
				LD_RUNPATH_SEARCH_PATHS = (
					"$(inherited)",
					"@executable_path/Frameworks",
					"@loader_path/Frameworks",
				);
				PRODUCT_BUNDLE_IDENTIFIER = "burns.to-do-listUITests";
				PRODUCT_NAME = "$(TARGET_NAME)";
				SWIFT_VERSION = 4.2;
				TARGETED_DEVICE_FAMILY = "1,2";
				TEST_TARGET_NAME = "to do list";
			};
			name = Release;
		};
/* End XCBuildConfiguration section */

/* Begin XCConfigurationList section */
		21F7C9EA2210A12F00B57656 /* Build configuration list for PBXProject "to do list" */ = {
			isa = XCConfigurationList;
			buildConfigurations = (
				21F7CA152210A13200B57656 /* Debug */,
				21F7CA162210A13200B57656 /* Release */,
			);
			defaultConfigurationIsVisible = 0;
			defaultConfigurationName = Release;
		};
		21F7CA172210A13200B57656 /* Build configuration list for PBXNativeTarget "to do list" */ = {
			isa = XCConfigurationList;
			buildConfigurations = (
				21F7CA182210A13200B57656 /* Debug */,
				21F7CA192210A13200B57656 /* Release */,
			);
			defaultConfigurationIsVisible = 0;
			defaultConfigurationName = Release;
		};
		21F7CA1A2210A13200B57656 /* Build configuration list for PBXNativeTarget "to do listTests" */ = {
			isa = XCConfigurationList;
			buildConfigurations = (
				21F7CA1B2210A13200B57656 /* Debug */,
				21F7CA1C2210A13200B57656 /* Release */,
			);
			defaultConfigurationIsVisible = 0;
			defaultConfigurationName = Release;
		};
		21F7CA1D2210A13200B57656 /* Build configuration list for PBXNativeTarget "to do listUITests" */ = {
			isa = XCConfigurationList;
			buildConfigurations = (
				21F7CA1E2210A13200B57656 /* Debug */,
				21F7CA1F2210A13200B57656 /* Release */,
			);
			defaultConfigurationIsVisible = 0;
			defaultConfigurationName = Release;
		};
/* End XCConfigurationList section */
	};
	rootObject = 21F7C9E72210A12F00B57656 /* Project object */;
}
